
Microsoft Visual Studio Solution File, Format Version 12.00
# Visual Studio Version 17
VisualStudioVersion = 17.9.34728.123
MinimumVisualStudioVersion = 10.0.40219.1
Project("{FAE04EC0-301F-11D3-BF4B-00C04F79EFBC}") = "Customer_Service", "Customer_Service\Customer_Service.csproj", "{88BAA940-BFD4-44BB-B05B-3128256E9FF4}"
EndProject
Project("{FAE04EC0-301F-11D3-BF4B-00C04F79EFBC}") = "Assignment12_Docker_Gateway", "Assignment12_Docker_Gateway\Assignment12_Docker_Gateway.csproj", "{82254841-0C9E-4B15-80A2-55502A452F34}"
EndProject
Project("{FAE04EC0-301F-11D3-BF4B-00C04F79EFBC}") = "AssignmentSlot12_WebClient", "AssignmentSlot12_WebClient\AssignmentSlot12_WebClient.csproj", "{EF1C2B4C-6B3F-4726-9155-872585EF0D58}"
EndProject
Global
	GlobalSection(SolutionConfigurationPlatforms) = preSolution
		Debug|Any CPU = Debug|Any CPU
		Release|Any CPU = Release|Any CPU
	EndGlobalSection
	GlobalSection(ProjectConfigurationPlatforms) = postSolution
		{88BAA940-BFD4-44BB-B05B-3128256E9FF4}.Debug|Any CPU.ActiveCfg = Debug|Any CPU
		{88BAA940-BFD4-44BB-B05B-3128256E9FF4}.Debug|Any CPU.Build.0 = Debug|Any CPU
		{88BAA940-BFD4-44BB-B05B-3128256E9FF4}.Release|Any CPU.ActiveCfg = Release|Any CPU
		{88BAA940-BFD4-44BB-B05B-3128256E9FF4}.Release|Any CPU.Build.0 = Release|Any CPU
		{82254841-0C9E-4B15-80A2-55502A452F34}.Debug|Any CPU.ActiveCfg = Debug|Any CPU
		{82254841-0C9E-4B15-80A2-55502A452F34}.Debug|Any CPU.Build.0 = Debug|Any CPU
		{82254841-0C9E-4B15-80A2-55502A452F34}.Release|Any CPU.ActiveCfg = Release|Any CPU
		{82254841-0C9E-4B15-80A2-55502A452F34}.Release|Any CPU.Build.0 = Release|Any CPU
		{EF1C2B4C-6B3F-4726-9155-872585EF0D58}.Debug|Any CPU.ActiveCfg = Debug|Any CPU
		{EF1C2B4C-6B3F-4726-9155-872585EF0D58}.Debug|Any CPU.Build.0 = Debug|Any CPU
		{EF1C2B4C-6B3F-4726-9155-872585EF0D58}.Release|Any CPU.ActiveCfg = Release|Any CPU
		{EF1C2B4C-6B3F-4726-9155-872585EF0D58}.Release|Any CPU.Build.0 = Release|Any CPU
	EndGlobalSection
	GlobalSection(SolutionProperties) = preSolution
		HideSolutionNode = FALSE
	EndGlobalSection
	GlobalSection(ExtensibilityGlobals) = postSolution
		SolutionGuid = {3996C39A-21B1-4611-BF6C-EF54DDE4632E}
	EndGlobalSection
EndGlobal
